
Microsoft Visual Studio Solution File, Format Version 12.00
# Visual Studio Version 17
VisualStudioVersion = 17.12.35514.174 d17.12
MinimumVisualStudioVersion = 10.0.40219.1
Project("{FAE04EC0-301F-11D3-BF4B-00C04F79EFBC}") = "DSRViewer", "DSRViewer\DSRViewer.csproj", "{0A3AB775-01DC-465F-8703-023967765EC1}"
EndProject
Project("{FAE04EC0-301F-11D3-BF4B-00C04F79EFBC}") = "SoulsFormats", "..\..\..\Desktop\SoulsFormatsNEXT-master\SoulsFormats\SoulsFormats.csproj", "{89FFE78A-B2B8-4216-A3C6-24714BB2B6D0}"
EndProject
Global
	GlobalSection(SolutionConfigurationPlatforms) = preSolution
		Debug|Any CPU = Debug|Any CPU
		Release|Any CPU = Release|Any CPU
	EndGlobalSection
	GlobalSection(ProjectConfigurationPlatforms) = postSolution
		{0A3AB775-01DC-465F-8703-023967765EC1}.Debug|Any CPU.ActiveCfg = Debug|Any CPU
		{0A3AB775-01DC-465F-8703-023967765EC1}.Debug|Any CPU.Build.0 = Debug|Any CPU
		{0A3AB775-01DC-465F-8703-023967765EC1}.Release|Any CPU.ActiveCfg = Release|Any CPU
		{0A3AB775-01DC-465F-8703-023967765EC1}.Release|Any CPU.Build.0 = Release|Any CPU
		{89FFE78A-B2B8-4216-A3C6-24714BB2B6D0}.Debug|Any CPU.ActiveCfg = Debug|Any CPU
		{89FFE78A-B2B8-4216-A3C6-24714BB2B6D0}.Debug|Any CPU.Build.0 = Debug|Any CPU
		{89FFE78A-B2B8-4216-A3C6-24714BB2B6D0}.Release|Any CPU.ActiveCfg = Release|Any CPU
		{89FFE78A-B2B8-4216-A3C6-24714BB2B6D0}.Release|Any CPU.Build.0 = Release|Any CPU
	EndGlobalSection
	GlobalSection(SolutionProperties) = preSolution
		HideSolutionNode = FALSE
	EndGlobalSection
EndGlobal
